{
  "name": "ai-sandbox",
  "version": "1.0.0-alpha.0",
  "lockfileVersion": 3,
  "requires": true,
  "packages": {
    "": {
      "name": "ai-sandbox",
      "version": "1.0.0-alpha.0",
      "license": "Apache-2.0",
      "bin": {
        "ai-sandbox": "bin/ai-sandbox.sh"
      },
      "devDependencies": {
        "@liquid-labs/bash-rollup": "^1.0.0-alpha.6"
      }
    },
    "node_modules/@liquid-labs/bash-rollup": {
      "version": "1.0.0-alpha.6",
      "resolved": "https://registry.npmjs.org/@liquid-labs/bash-rollup/-/bash-rollup-1.0.0-alpha.6.tgz",
      "integrity": "sha512-LN7uNGk0b6pwgOp9yM+f+hpF9Qfz7pXnJH1ZHhjxYrn4uGaCzSIph7FWAvmo1GkWC/x7FB6JaO3k/CpEhU5QHg==",
      "dev": true,
      "license": "UNLICENSED",
      "bin": {
        "bash-rollup": "dist/bash-rollup.sh"
      }
    }
  }
}
